
Microsoft Visual Studio Solution File, Format Version 12.00
# Visual Studio Version 17
VisualStudioVersion = 17.14.36603.0 d17.14
MinimumVisualStudioVersion = 10.0.40219.1
Project("{FAE04EC0-301F-11D3-BF4B-00C04F79EFBC}") = "EDITCOWEB", "EDITCOWEB\EDITCOWEB.csproj", "{3557CA0F-7CD0-4B22-A2AF-22461D49BE72}"
EndProject
Global
	GlobalSection(SolutionConfigurationPlatforms) = preSolution
		Debug|Any CPU = Debug|Any CPU
		Release|Any CPU = Release|Any CPU
	EndGlobalSection
	GlobalSection(ProjectConfigurationPlatforms) = postSolution
		{3557CA0F-7CD0-4B22-A2AF-22461D49BE72}.Debug|Any CPU.ActiveCfg = Debug|Any CPU
		{3557CA0F-7CD0-4B22-A2AF-22461D49BE72}.Debug|Any CPU.Build.0 = Debug|Any CPU
		{3557CA0F-7CD0-4B22-A2AF-22461D49BE72}.Release|Any CPU.ActiveCfg = Release|Any CPU
		{3557CA0F-7CD0-4B22-A2AF-22461D49BE72}.Release|Any CPU.Build.0 = Release|Any CPU
	EndGlobalSection
	GlobalSection(SolutionProperties) = preSolution
		HideSolutionNode = FALSE
	EndGlobalSection
	GlobalSection(ExtensibilityGlobals) = postSolution
		SolutionGuid = {025D2C45-4EA6-4DA7-AD23-D139E1DDE168}
	EndGlobalSection
EndGlobal
